
Microsoft Visual Studio Solution File, Format Version 12.00
# Visual Studio 14
VisualStudioVersion = 14.0.25420.1
MinimumVisualStudioVersion = 10.0.40219.1
Project("{FAE04EC0-301F-11D3-BF4B-00C04F79EFBC}") = "SnackMachine.Logic", "SnackMachine.Logic\SnackMachine.Logic.csproj", "{67022CEC-F826-48FD-B1C4-A23391090D1D}"
EndProject
Project("{FAE04EC0-301F-11D3-BF4B-00C04F79EFBC}") = "SnackMachine.Tests", "SnackMachine.Tests\SnackMachine.Tests.csproj", "{18539881-2B87-4BAC-B4E1-E7A4D51EAC4C}"
EndProject
Global
	GlobalSection(SolutionConfigurationPlatforms) = preSolution
		Debug|Any CPU = Debug|Any CPU
		Release|Any CPU = Release|Any CPU
	EndGlobalSection
	GlobalSection(ProjectConfigurationPlatforms) = postSolution
		{67022CEC-F826-48FD-B1C4-A23391090D1D}.Debug|Any CPU.ActiveCfg = Debug|Any CPU
		{67022CEC-F826-48FD-B1C4-A23391090D1D}.Debug|Any CPU.Build.0 = Debug|Any CPU
		{67022CEC-F826-48FD-B1C4-A23391090D1D}.Release|Any CPU.ActiveCfg = Release|Any CPU
		{67022CEC-F826-48FD-B1C4-A23391090D1D}.Release|Any CPU.Build.0 = Release|Any CPU
		{18539881-2B87-4BAC-B4E1-E7A4D51EAC4C}.Debug|Any CPU.ActiveCfg = Debug|Any CPU
		{18539881-2B87-4BAC-B4E1-E7A4D51EAC4C}.Debug|Any CPU.Build.0 = Debug|Any CPU
		{18539881-2B87-4BAC-B4E1-E7A4D51EAC4C}.Release|Any CPU.ActiveCfg = Release|Any CPU
		{18539881-2B87-4BAC-B4E1-E7A4D51EAC4C}.Release|Any CPU.Build.0 = Release|Any CPU
	EndGlobalSection
	GlobalSection(SolutionProperties) = preSolution
		HideSolutionNode = FALSE
	EndGlobalSection
EndGlobal
